
Microsoft Visual Studio Solution File, Format Version 12.00
# Visual Studio Version 17
VisualStudioVersion = 17.8.34511.84
MinimumVisualStudioVersion = 10.0.40219.1
Project("{FAE04EC0-301F-11D3-BF4B-00C04F79EFBC}") = "Opacify", "Opacify.csproj", "{550018A1-7846-4096-8C7B-5251E8EC96FE}"
EndProject
Global
	GlobalSection(SolutionConfigurationPlatforms) = preSolution
		Debug|Any CPU = Debug|Any CPU
		Release|Any CPU = Release|Any CPU
	EndGlobalSection
	GlobalSection(ProjectConfigurationPlatforms) = postSolution
		{550018A1-7846-4096-8C7B-5251E8EC96FE}.Debug|Any CPU.ActiveCfg = Debug|Any CPU
		{550018A1-7846-4096-8C7B-5251E8EC96FE}.Debug|Any CPU.Build.0 = Debug|Any CPU
		{550018A1-7846-4096-8C7B-5251E8EC96FE}.Release|Any CPU.ActiveCfg = Release|Any CPU
		{550018A1-7846-4096-8C7B-5251E8EC96FE}.Release|Any CPU.Build.0 = Release|Any CPU
	EndGlobalSection
	GlobalSection(SolutionProperties) = preSolution
		HideSolutionNode = FALSE
	EndGlobalSection
	GlobalSection(ExtensibilityGlobals) = postSolution
		SolutionGuid = {A1B2A1FC-CF3C-4275-B111-4C2E9714F0F3}
	EndGlobalSection
EndGlobal
